dependencies:
- name: blue-stream-video
  repository: file://../blue-stream-video
  version: 0.1.0
- name: blue-stream-channel
  repository: file://../blue-stream-channel
  version: 0.1.0
- name: blue-stream-client
  repository: file://../blue-stream-client
  version: 0.1.0
- name: blue-stream-transcoder
  repository: file://../blue-stream-transcoder
  version: 0.1.0
- name: blue-stream-video-compositor
  repository: file://../blue-stream-video-compositor
  version: 0.1.0
- name: blue-stream-uploader
  repository: file://../blue-stream-uploader
  version: 0.1.0
- name: blue-stream-users
  repository: file://../blue-stream-users
  version: 0.1.0
- name: blue-stream-reactions
  repository: file://../blue-stream-reactions
  version: 0.1.0
- name: blue-stream-reaction-compositor
  repository: file://../blue-stream-reaction-compositor
  version: 0.1.0
- name: blue-stream-comment-compositor
  repository: file://../blue-stream-comment-compositor
  version: 0.1.0
- name: blue-stream-reactions
  repository: file://../blue-stream-reactions
  version: 0.1.0
- name: blue-stream-comments
  repository: file://../blue-stream-comments
  version: 0.1.0
- name: blue-stream-streamer
  repository: file://../blue-stream-streamer
  version: 0.1.0
digest: sha256:2de9e0f05c80dcc3dcb279a13eb5822b5ce0bf5225805b48907f046db98127e9
generated: 2019-02-07T07:34:16.550161229-08:00
